// !$*UTF8*$!
{
	archiveVersion = 1;
	classes = {
	};
	objectVersion = 46;
	objects = {

/* Begin PBXBuildFile section */
		4CAC2FF71CE399C300177658 /* main.m in Sources */ = {isa = PBXBuildFile; fileRef = 4CAC2FF61CE399C300177658 /* main.m */; };
		4CAC2FFA1CE399C300177658 /* AppDelegate.m in Sources */ = {isa = PBXBuildFile; fileRef = 4CAC2FF91CE399C300177658 /* AppDelegate.m */; };
		4CAC2FFD1CE399C300177658 /* ViewController.m in Sources */ = {isa = PBXBuildFile; fileRef = 4CAC2FFC1CE399C300177658 /* ViewController.m */; };
		4CAC30001CE399C300177658 /* Main.storyboard in Resources */ = {isa = PBXBuildFile; fileRef = 4CAC2FFE1CE399C300177658 /* Main.storyboard */; };
		4CAC30021CE399C300177658 /* Assets.xcassets in Resources */ = {isa = PBXBuildFile; fileRef = 4CAC30011CE399C300177658 /* Assets.xcassets */; };
		4CAC30051CE399C300177658 /* LaunchScreen.storyboard in Resources */ = {isa = PBXBuildFile; fileRef = 4CAC30031CE399C300177658 /* LaunchScreen.storyboard */; };
		4CAC30101CE399C300177658 /* Magic8Tests.m in Sources */ = {isa = PBXBuildFile; fileRef = 4CAC300F1CE399C300177658 /* Magic8Tests.m */; };
		4CAC301B1CE399C300177658 /* Magic8UITests.m in Sources */ = {isa = PBXBuildFile; fileRef = 4CAC301A1CE399C300177658 /* Magic8UITests.m */; };
		4CAC30291CE39ED100177658 /* magic8ball.jpg in Resources */ = {isa = PBXBuildFile; fileRef = 4CAC30281CE39ED100177658 /* magic8ball.jpg */; };
		4CAC302C1CE3A1CF00177658 /* Magic8ballModel.m in Sources */ = {isa = PBXBuildFile; fileRef = 4CAC302B1CE3A1CF00177658 /* Magic8ballModel.m */; };
/* End PBXBuildFile section */

/* Begin PBXContainerItemProxy section */
		4CAC300C1CE399C300177658 /* PBXContainerItemProxy */ = {
			isa = PBXContainerItemProxy;
			containerPortal = 4CAC2FEA1CE399C200177658 /* Project object */;
			proxyType = 1;
			remoteGlobalIDString = 4CAC2FF11CE399C200177658;
			remoteInfo = Magic8;
		};
		4CAC30171CE399C300177658 /* PBXContainerItemProxy */ = {
			isa = PBXContainerItemProxy;
			containerPortal = 4CAC2FEA1CE399C200177658 /* Project object */;
			proxyType = 1;
			remoteGlobalIDString = 4CAC2FF11CE399C200177658;
			remoteInfo = Magic8;
		};
/* End PBXContainerItemProxy section */

/* Begin PBXFileReference section */
		4CAC2FF21CE399C200177658 /* Magic8.app */ = {isa = PBXFileReference; explicitFileType = wrapper.application; includeInIndex = 0; path = Magic8.app; sourceTree = BUILT_PRODUCTS_DIR; };
		4CAC2FF61CE399C300177658 /* main.m */ = {isa = PBXFileReference; lastKnownFileType = sourcecode.c.objc; path = main.m; sourceTree = "<group>"; };
		4CAC2FF81CE399C300177658 /* AppDelegate.h */ = {isa = PBXFileReference; lastKnownFileType = sourcecode.c.h; path = AppDelegate.h; sourceTree = "<group>"; };
		4CAC2FF91CE399C300177658 /* AppDelegate.m */ = {isa = PBXFileReference; lastKnownFileType = sourcecode.c.objc; path = AppDelegate.m; sourceTree = "<group>"; };
		4CAC2FFB1CE399C300177658 /* ViewController.h */ = {isa = PBXFileReference; lastKnownFileType = sourcecode.c.h; path = ViewController.h; sourceTree = "<group>"; };
		4CAC2FFC1CE399C300177658 /* ViewController.m */ = {isa = PBXFileReference; lastKnownFileType = sourcecode.c.objc; path = ViewController.m; sourceTree = "<group>"; };
		4CAC2FFF1CE399C300177658 /* Base */ = {isa = PBXFileReference; lastKnownFileType = file.storyboard; name = Base; path = Base.lproj/Main.storyboard; sourceTree = "<group>"; };
		4CAC30011CE399C300177658 /* Assets.xcassets */ = {isa = PBXFileReference; lastKnownFileType = folder.assetcatalog; path = Assets.xcassets; sourceTree = "<group>"; };
		4CAC30041CE399C300177658 /* Base */ = {isa = PBXFileReference; lastKnownFileType = file.storyboard; name = Base; path = Base.lproj/LaunchScreen.storyboard; sourceTree = "<group>"; };
		4CAC30061CE399C300177658 /* Info.plist */ = {isa = PBXFileReference; lastKnownFileType = text.plist.xml; path = Info.plist; sourceTree = "<group>"; };
		4CAC300B1CE399C300177658 /* Magic8Tests.xctest */ = {isa = PBXFileReference; explicitFileType = wrapper.cfbundle; includeInIndex = 0; path = Magic8Tests.xctest; sourceTree = BUILT_PRODUCTS_DIR; };
		4CAC300F1CE399C300177658 /* Magic8Tests.m */ = {isa = PBXFileReference; lastKnownFileType = sourcecode.c.objc; path = Magic8Tests.m; sourceTree = "<group>"; };
		4CAC30111CE399C300177658 /* Info.plist */ = {isa = PBXFileReference; lastKnownFileType = text.plist.xml; path = Info.plist; sourceTree = "<group>"; };
		4CAC30161CE399C300177658 /* Magic8UITests.xctest */ = {isa = PBXFileReference; explicitFileType = wrapper.cfbundle; includeInIndex = 0; path = Magic8UITests.xctest; sourceTree = BUILT_PRODUCTS_DIR; };
		4CAC301A1CE399C300177658 /* Magic8UITests.m */ = {isa = PBXFileReference; lastKnownFileType = sourcecode.c.objc; path = Magic8UITests.m; sourceTree = "<group>"; };
		4CAC301C1CE399C300177658 /* Info.plist */ = {isa = PBXFileReference; lastKnownFileType = text.plist.xml; path = Info.plist; sourceTree = "<group>"; };
		4CAC30281CE39ED100177658 /* magic8ball.jpg */ = {isa = PBXFileReference; lastKnownFileType = image.jpeg; name = magic8ball.jpg; path = ../../magic8ball.jpg; sourceTree = "<group>"; };
		4CAC302A1CE3A1CF00177658 /* Magic8ballModel.h */ = {isa = PBXFileReference; fileEncoding = 4; lastKnownFileType = sourcecode.c.h; path = Magic8ballModel.h; sourceTree = "<group>"; };
		4CAC302B1CE3A1CF00177658 /* Magic8ballModel.m */ = {isa = PBXFileReference; fileEncoding = 4; lastKnownFileType = sourcecode.c.objc; path = Magic8ballModel.m; sourceTree = "<group>"; };
/* End PBXFileReference section */

/* Begin PBXFrameworksBuildPhase section */
		4CAC2FEF1CE399C200177658 /* Frameworks */ = {
			isa = PBXFrameworksBuildPhase;
			buildActionMask = 2147483647;
			files = (
			);
			runOnlyForDeploymentPostprocessing = 0;
		};
		4CAC30081CE399C300177658 /* Frameworks */ = {
			isa = PBXFrameworksBuildPhase;
			buildActionMask = 2147483647;
			files = (
			);
			runOnlyForDeploymentPostprocessing = 0;
		};
		4CAC30131CE399C300177658 /* Frameworks */ = {
			isa = PBXFrameworksBuildPhase;
			buildActionMask = 2147483647;
			files = (
			);
			runOnlyForDeploymentPostprocessing = 0;
		};
/* End PBXFrameworksBuildPhase section */

/* Begin PBXGroup section */
		4CAC2FE91CE399C200177658 = {
			isa = PBXGroup;
			children = (
				4CAC2FF41CE399C200177658 /* Magic8 */,
				4CAC300E1CE399C300177658 /* Magic8Tests */,
				4CAC30191CE399C300177658 /* Magic8UITests */,
				4CAC2FF31CE399C200177658 /* Products */,
			);
			sourceTree = "<group>";
		};
		4CAC2FF31CE399C200177658 /* Products */ = {
			isa = PBXGroup;
			children = (
				4CAC2FF21CE399C200177658 /* Magic8.app */,
				4CAC300B1CE399C300177658 /* Magic8Tests.xctest */,
				4CAC30161CE399C300177658 /* Magic8UITests.xctest */,
			);
			name = Products;
			sourceTree = "<group>";
		};
		4CAC2FF41CE399C200177658 /* Magic8 */ = {
			isa = PBXGroup;
			children = (
				4CAC30281CE39ED100177658 /* magic8ball.jpg */,
				4CAC2FF81CE399C300177658 /* AppDelegate.h */,
				4CAC2FF91CE399C300177658 /* AppDelegate.m */,
				4CAC2FFB1CE399C300177658 /* ViewController.h */,
				4CAC2FFC1CE399C300177658 /* ViewController.m */,
				4CAC2FFE1CE399C300177658 /* Main.storyboard */,
				4CAC30011CE399C300177658 /* Assets.xcassets */,
				4CAC30031CE399C300177658 /* LaunchScreen.storyboard */,
				4CAC30061CE399C300177658 /* Info.plist */,
				4CAC2FF51CE399C200177658 /* Supporting Files */,
				4CAC302A1CE3A1CF00177658 /* Magic8ballModel.h */,
				4CAC302B1CE3A1CF00177658 /* Magic8ballModel.m */,
			);
			path = Magic8;
			sourceTree = "<group>";
		};
		4CAC2FF51CE399C200177658 /* Supporting Files */ = {
			isa = PBXGroup;
			children = (
				4CAC2FF61CE399C300177658 /* main.m */,
			);
			name = "Supporting Files";
			sourceTree = "<group>";
		};
		4CAC300E1CE399C300177658 /* Magic8Tests */ = {
			isa = PBXGroup;
			children = (
				4CAC300F1CE399C300177658 /* Magic8Tests.m */,
				4CAC30111CE399C300177658 /* Info.plist */,
			);
			path = Magic8Tests;
			sourceTree = "<group>";
		};
		4CAC30191CE399C300177658 /* Magic8UITests */ = {
			isa = PBXGroup;
			children = (
				4CAC301A1CE399C300177658 /* Magic8UITests.m */,
				4CAC301C1CE399C300177658 /* Info.plist */,
			);
			path = Magic8UITests;
			sourceTree = "<group>";
		};
/* End PBXGroup section */

/* Begin PBXNativeTarget section */
		4CAC2FF11CE399C200177658 /* Magic8 */ = {
			isa = PBXNativeTarget;
			buildConfigurationList = 4CAC301F1CE399C300177658 /* Build configuration list for PBXNativeTarget "Magic8" */;
			buildPhases = (
				4CAC2FEE1CE399C200177658 /* Sources */,
				4CAC2FEF1CE399C200177658 /* Frameworks */,
				4CAC2FF01CE399C200177658 /* Resources */,
			);
			buildRules = (
			);
			dependencies = (
			);
			name = Magic8;
			productName = Magic8;
			productReference = 4CAC2FF21CE399C200177658 /* Magic8.app */;
			productType = "com.apple.product-type.application";
		};
		4CAC300A1CE399C300177658 /* Magic8Tests */ = {
			isa = PBXNativeTarget;
			buildConfigurationList = 4CAC30221CE399C300177658 /* Build configuration list for PBXNativeTarget "Magic8Tests" */;
			buildPhases = (
				4CAC30071CE399C300177658 /* Sources */,
				4CAC30081CE399C300177658 /* Frameworks */,
				4CAC30091CE399C300177658 /* Resources */,
			);
			buildRules = (
			);
			dependencies = (
				4CAC300D1CE399C300177658 /* PBXTargetDependency */,
			);
			name = Magic8Tests;
			productName = Magic8Tests;
			productReference = 4CAC300B1CE399C300177658 /* Magic8Tests.xctest */;
			productType = "com.apple.product-type.bundle.unit-test";
		};
		4CAC30151CE399C300177658 /* Magic8UITests */ = {
			isa = PBXNativeTarget;
			buildConfigurationList = 4CAC30251CE399C300177658 /* Build configuration list for PBXNativeTarget "Magic8UITests" */;
			buildPhases = (
				4CAC30121CE399C300177658 /* Sources */,
				4CAC30131CE399C300177658 /* Frameworks */,
				4CAC30141CE399C300177658 /* Resources */,
			);
			buildRules = (
			);
			dependencies = (
				4CAC30181CE399C300177658 /* PBXTargetDependency */,
			);
			name = Magic8UITests;
			productName = Magic8UITests;
			productReference = 4CAC30161CE399C300177658 /* Magic8UITests.xctest */;
			productType = "com.apple.product-type.bundle.ui-testing";
		};
/* End PBXNativeTarget section */

/* Begin PBXProject section */
		4CAC2FEA1CE399C200177658 /* Project object */ = {
			isa = PBXProject;
			attributes = {
				LastUpgradeCheck = 0720;
				ORGANIZATIONNAME = epita;
				TargetAttributes = {
					4CAC2FF11CE399C200177658 = {
						CreatedOnToolsVersion = 7.2.1;
					};
					4CAC300A1CE399C300177658 = {
						CreatedOnToolsVersion = 7.2.1;
						TestTargetID = 4CAC2FF11CE399C200177658;
					};
					4CAC30151CE399C300177658 = {
						CreatedOnToolsVersion = 7.2.1;
						TestTargetID = 4CAC2FF11CE399C200177658;
					};
				};
			};
			buildConfigurationList = 4CAC2FED1CE399C200177658 /* Build configuration list for PBXProject "Magic8" */;
			compatibilityVersion = "Xcode 3.2";
			developmentRegion = English;
			hasScannedForEncodings = 0;
			knownRegions = (
				en,
				Base,
			);
			mainGroup = 4CAC2FE91CE399C200177658;
			productRefGroup = 4CAC2FF31CE399C200177658 /* Products */;
			projectDirPath = "";
			projectRoot = "";
			targets = (
				4CAC2FF11CE399C200177658 /* Magic8 */,
				4CAC300A1CE399C300177658 /* Magic8Tests */,
				4CAC30151CE399C300177658 /* Magic8UITests */,
			);
		};
/* End PBXProject section */

/* Begin PBXResourcesBuildPhase section */
		4CAC2FF01CE399C200177658 /* Resources */ = {
			isa = PBXResourcesBuildPhase;
			buildActionMask = 2147483647;
			files = (
				4CAC30051CE399C300177658 /* LaunchScreen.storyboard in Resources */,
				4CAC30291CE39ED100177658 /* magic8ball.jpg in Resources */,
				4CAC30021CE399C300177658 /* Assets.xcassets in Resources */,
				4CAC30001CE399C300177658 /* Main.storyboard in Resources */,
			);
			runOnlyForDeploymentPostprocessing = 0;
		};
		4CAC30091CE399C300177658 /* Resources */ = {
			isa = PBXResourcesBuildPhase;
			buildActionMask = 2147483647;
			files = (
			);
			runOnlyForDeploymentPostprocessing = 0;
		};
		4CAC30141CE399C300177658 /* Resources */ = {
			isa = PBXResourcesBuildPhase;
			buildActionMask = 2147483647;
			files = (
			);
			runOnlyForDeploymentPostprocessing = 0;
		};
/* End PBXResourcesBuildPhase section */

/* Begin PBXSourcesBuildPhase section */
		4CAC2FEE1CE399C200177658 /* Sources */ = {
			isa = PBXSourcesBuildPhase;
			buildActionMask = 2147483647;
			files = (
				4CAC2FFD1CE399C300177658 /* ViewController.m in Sources */,
				4CAC302C1CE3A1CF00177658 /* Magic8ballModel.m in Sources */,
				4CAC2FFA1CE399C300177658 /* AppDelegate.m in Sources */,
				4CAC2FF71CE399C300177658 /* main.m in Sources */,
			);
			runOnlyForDeploymentPostprocessing = 0;
		};
		4CAC30071CE399C300177658 /* Sources */ = {
			isa = PBXSourcesBuildPhase;
			buildActionMask = 2147483647;
			files = (
				4CAC30101CE399C300177658 /* Magic8Tests.m in Sources */,
			);
			runOnlyForDeploymentPostprocessing = 0;
		};
		4CAC30121CE399C300177658 /* Sources */ = {
			isa = PBXSourcesBuildPhase;
			buildActionMask = 2147483647;
			files = (
				4CAC301B1CE399C300177658 /* Magic8UITests.m in Sources */,
			);
			runOnlyForDeploymentPostprocessing = 0;
		};
/* End PBXSourcesBuildPhase section */

/* Begin PBXTargetDependency section */
		4CAC300D1CE399C300177658 /* PBXTargetDependency */ = {
			isa = PBXTargetDependency;
			target = 4CAC2FF11CE399C200177658 /* Magic8 */;
			targetProxy = 4CAC300C1CE399C300177658 /* PBXContainerItemProxy */;
		};
		4CAC30181CE399C300177658 /* PBXTargetDependency */ = {
			isa = PBXTargetDependency;
			target = 4CAC2FF11CE399C200177658 /* Magic8 */;
			targetProxy = 4CAC30171CE399C300177658 /* PBXContainerItemProxy */;
		};
/* End PBXTargetDependency section */

/* Begin PBXVariantGroup section */
		4CAC2FFE1CE399C300177658 /* Main.storyboard */ = {
			isa = PBXVariantGroup;
			children = (
				4CAC2FFF1CE399C300177658 /* Base */,
			);
			name = Main.storyboard;
			sourceTree = "<group>";
		};
		4CAC30031CE399C300177658 /* LaunchScreen.storyboard */ = {
			isa = PBXVariantGroup;
			children = (
				4CAC30041CE399C300177658 /* Base */,
			);
			name = LaunchScreen.storyboard;
			sourceTree = "<group>";
		};
/* End PBXVariantGroup section */

/* Begin XCBuildConfiguration section */
		4CAC301D1CE399C300177658 /* Debug */ = {
			isa = XCBuildConfiguration;
			buildSettings = {
				ALWAYS_SEARCH_USER_PATHS = NO;
				CLANG_CXX_LANGUAGE_STANDARD = "gnu++0x";
				CLANG_CXX_LIBRARY = "libc++";
				CLANG_ENABLE_MODULES = YES;
				CLANG_ENABLE_OBJC_ARC = YES;
				CLANG_WARN_BOOL_CONVERSION = YES;
				CLANG_WARN_CONSTANT_CONVERSION = YES;
				CLANG_WARN_DIRECT_OBJC_ISA_USAGE = YES_ERROR;
				CLANG_WARN_EMPTY_BODY = YES;
				CLANG_WARN_ENUM_CONVERSION = YES;
				CLANG_WARN_INT_CONVERSION = YES;
				CLANG_WARN_OBJC_ROOT_CLASS = YES_ERROR;
				CLANG_WARN_UNREACHABLE_CODE = YES;
				CLANG_WARN__DUPLICATE_METHOD_MATCH = YES;
				"CODE_SIGN_IDENTITY[sdk=iphoneos*]" = "iPhone Developer";
				COPY_PHASE_STRIP = NO;
				DEBUG_INFORMATION_FORMAT = dwarf;
				ENABLE_STRICT_OBJC_MSGSEND = YES;
				ENABLE_TESTABILITY = YES;
				GCC_C_LANGUAGE_STANDARD = gnu99;
				GCC_DYNAMIC_NO_PIC = NO;
				GCC_NO_COMMON_BLOCKS = YES;
				GCC_OPTIMIZATION_LEVEL = 0;
				GCC_PREPROCESSOR_DEFINITIONS = (
					"DEBUG=1",
					"$(inherited)",
				);
				GCC_WARN_64_TO_32_BIT_CONVERSION = YES;
				GCC_WARN_ABOUT_RETURN_TYPE = YES_ERROR;
				GCC_WARN_UNDECLARED_SELECTOR = YES;
				GCC_WARN_UNINITIALIZED_AUTOS = YES_AGGRESSIVE;
				GCC_WARN_UNUSED_FUNCTION = YES;
				GCC_WARN_UNUSED_VARIABLE = YES;
				IPHONEOS_DEPLOYMENT_TARGET = 9.2;
				MTL_ENABLE_DEBUG_INFO = YES;
				ONLY_ACTIVE_ARCH = YES;
				SDKROOT = iphoneos;
				TARGETED_DEVICE_FAMILY = "1,2";
			};
			name = Debug;
		};
		4CAC301E1CE399C300177658 /* Release */ = {
			isa = XCBuildConfiguration;
			buildSettings = {
				ALWAYS_SEARCH_USER_PATHS = NO;
				CLANG_CXX_LANGUAGE_STANDARD = "gnu++0x";
				CLANG_CXX_LIBRARY = "libc++";
				CLANG_ENABLE_MODULES = YES;
				CLANG_ENABLE_OBJC_ARC = YES;
				CLANG_WARN_BOOL_CONVERSION = YES;
				CLANG_WARN_CONSTANT_CONVERSION = YES;
				CLANG_WARN_DIRECT_OBJC_ISA_USAGE = YES_ERROR;
				CLANG_WARN_EMPTY_BODY = YES;
				CLANG_WARN_ENUM_CONVERSION = YES;
				CLANG_WARN_INT_CONVERSION = YES;
				CLANG_WARN_OBJC_ROOT_CLASS = YES_ERROR;
				CLANG_WARN_UNREACHABLE_CODE = YES;
				CLANG_WARN__DUPLICATE_METHOD_MATCH = YES;
				"CODE_SIGN_IDENTITY[sdk=iphoneos*]" = "iPhone Developer";
				COPY_PHASE_STRIP = NO;
				DEBUG_INFORMATION_FORMAT = "dwarf-with-dsym";
				ENABLE_NS_ASSERTIONS = NO;
				ENABLE_STRICT_OBJC_MSGSEND = YES;
				GCC_C_LANGUAGE_STANDARD = gnu99;
				GCC_NO_COMMON_BLOCKS = YES;
				GCC_WARN_64_TO_32_BIT_CONVERSION = YES;
				GCC_WARN_ABOUT_RETURN_TYPE = YES_ERROR;
				GCC_WARN_UNDECLARED_SELECTOR = YES;
				GCC_WARN_UNINITIALIZED_AUTOS = YES_AGGRESSIVE;
				GCC_WARN_UNUSED_FUNCTION = YES;
				GCC_WARN_UNUSED_VARIABLE = YES;
				IPHONEOS_DEPLOYMENT_TARGET = 9.2;
				MTL_ENABLE_DEBUG_INFO = NO;
				SDKROOT = iphoneos;
				TARGETED_DEVICE_FAMILY = "1,2";
				VALIDATE_PRODUCT = YES;
			};
			name = Release;
		};
		4CAC30201CE399C300177658 /* Debug */ = {
			isa = XCBuildConfiguration;
			buildSettings = {
				ASSETCATALOG_COMPILER_APPICON_NAME = AppIcon;
				CODE_SIGN_IDENTITY = "iPhone Developer";
				INFOPLIST_FILE = Magic8/Info.plist;
				LD_RUNPATH_SEARCH_PATHS = "$(inherited) @executable_path/Frameworks";
				PRODUCT_BUNDLE_IDENTIFIER = kpa.Magic8;
				PRODUCT_NAME = "$(TARGET_NAME)";
			};
			name = Debug;
		};
		4CAC30211CE399C300177658 /* Release */ = {
			isa = XCBuildConfiguration;
			buildSettings = {
				ASSETCATALOG_COMPILER_APPICON_NAME = AppIcon;
				CODE_SIGN_IDENTITY = "iPhone Developer";
				INFOPLIST_FILE = Magic8/Info.plist;
				LD_RUNPATH_SEARCH_PATHS = "$(inherited) @executable_path/Frameworks";
				PRODUCT_BUNDLE_IDENTIFIER = kpa.Magic8;
				PRODUCT_NAME = "$(TARGET_NAME)";
			};
			name = Release;
		};
		4CAC30231CE399C300177658 /* Debug */ = {
			isa = XCBuildConfiguration;
			buildSettings = {
				BUNDLE_LOADER = "$(TEST_HOST)";
				INFOPLIST_FILE = Magic8Tests/Info.plist;
				LD_RUNPATH_SEARCH_PATHS = "$(inherited) @executable_path/Frameworks @loader_path/Frameworks";
				PRODUCT_BUNDLE_IDENTIFIER = kpa.Magic8Tests;
				PRODUCT_NAME = "$(TARGET_NAME)";
				TEST_HOST = "$(BUILT_PRODUCTS_DIR)/Magic8.app/Magic8";
			};
			name = Debug;
		};
		4CAC30241CE399C300177658 /* Release */ = {
			isa = XCBuildConfiguration;
			buildSettings = {
				BUNDLE_LOADER = "$(TEST_HOST)";
				INFOPLIST_FILE = Magic8Tests/Info.plist;
				LD_RUNPATH_SEARCH_PATHS = "$(inherited) @executable_path/Frameworks @loader_path/Frameworks";
				PRODUCT_BUNDLE_IDENTIFIER = kpa.Magic8Tests;
				PRODUCT_NAME = "$(TARGET_NAME)";
				TEST_HOST = "$(BUILT_PRODUCTS_DIR)/Magic8.app/Magic8";
			};
			name = Release;
		};
		4CAC30261CE399C300177658 /* Debug */ = {
			isa = XCBuildConfiguration;
			buildSettings = {
				INFOPLIST_FILE = Magic8UITests/Info.plist;
				LD_RUNPATH_SEARCH_PATHS = "$(inherited) @executable_path/Frameworks @loader_path/Frameworks";
				PRODUCT_BUNDLE_IDENTIFIER = kpa.Magic8UITests;
				PRODUCT_NAME = "$(TARGET_NAME)";
				TEST_TARGET_NAME = Magic8;
				USES_XCTRUNNER = YES;
			};
			name = Debug;
		};
		4CAC30271CE399C300177658 /* Release */ = {
			isa = XCBuildConfiguration;
			buildSettings = {
				INFOPLIST_FILE = Magic8UITests/Info.plist;
				LD_RUNPATH_SEARCH_PATHS = "$(inherited) @executable_path/Frameworks @loader_path/Frameworks";
				PRODUCT_BUNDLE_IDENTIFIER = kpa.Magic8UITests;
				PRODUCT_NAME = "$(TARGET_NAME)";
				TEST_TARGET_NAME = Magic8;
				USES_XCTRUNNER = YES;
			};
			name = Release;
		};
/* End XCBuildConfiguration section */

/* Begin XCConfigurationList section */
		4CAC2FED1CE399C200177658 /* Build configuration list for PBXProject "Magic8" */ = {
			isa = XCConfigurationList;
			buildConfigurations = (
				4CAC301D1CE399C300177658 /* Debug */,
				4CAC301E1CE399C300177658 /* Release */,
			);
			defaultConfigurationIsVisible = 0;
			defaultConfigurationName = Release;
		};
		4CAC301F1CE399C300177658 /* Build configuration list for PBXNativeTarget "Magic8" */ = {
			isa = XCConfigurationList;
			buildConfigurations = (
				4CAC30201CE399C300177658 /* Debug */,
				4CAC30211CE399C300177658 /* Release */,
			);
			defaultConfigurationIsVisible = 0;
		};
		4CAC30221CE399C300177658 /* Build configuration list for PBXNativeTarget "Magic8Tests" */ = {
			isa = XCConfigurationList;
			buildConfigurations = (
				4CAC30231CE399C300177658 /* Debug */,
				4CAC30241CE399C300177658 /* Release */,
			);
			defaultConfigurationIsVisible = 0;
		};
		4CAC30251CE399C300177658 /* Build configuration list for PBXNativeTarget "Magic8UITests" */ = {
			isa = XCConfigurationList;
			buildConfigurations = (
				4CAC30261CE399C300177658 /* Debug */,
				4CAC30271CE399C300177658 /* Release */,
			);
			defaultConfigurationIsVisible = 0;
		};
/* End XCConfigurationList section */
	};
	rootObject = 4CAC2FEA1CE399C200177658 /* Project object */;
}
